
Microsoft Visual Studio Solution File, Format Version 12.00
# Visual Studio Version 18
VisualStudioVersion = 18.0.11222.15 d18.0
MinimumVisualStudioVersion = 10.0.40219.1
Project("{FAE04EC0-301F-11D3-BF4B-00C04F79EFBC}") = "FrontToBackSqlConnection", "FrontToBackSqlConnection.csproj", "{AF7AF065-4C06-873E-8352-BF5EAE741C6F}"
EndProject
Global
	GlobalSection(SolutionConfigurationPlatforms) = preSolution
		Debug|Any CPU = Debug|Any CPU
		Release|Any CPU = Release|Any CPU
	EndGlobalSection
	GlobalSection(ProjectConfigurationPlatforms) = postSolution
		{AF7AF065-4C06-873E-8352-BF5EAE741C6F}.Debug|Any CPU.ActiveCfg = Debug|Any CPU
		{AF7AF065-4C06-873E-8352-BF5EAE741C6F}.Debug|Any CPU.Build.0 = Debug|Any CPU
		{AF7AF065-4C06-873E-8352-BF5EAE741C6F}.Release|Any CPU.ActiveCfg = Release|Any CPU
		{AF7AF065-4C06-873E-8352-BF5EAE741C6F}.Release|Any CPU.Build.0 = Release|Any CPU
	EndGlobalSection
	GlobalSection(SolutionProperties) = preSolution
		HideSolutionNode = FALSE
	EndGlobalSection
	GlobalSection(ExtensibilityGlobals) = postSolution
		SolutionGuid = {7180FA40-9F59-44B7-B780-4895BA2A1AE8}
	EndGlobalSection
EndGlobal
